[[package]]
name = "colorama"
version = "0.4.4"
requires_python = ">=2.7, !=3.0.*, !=3.1.*, !=3.2.*, !=3.3.*, !=3.4.*"
summary = "Cross-platform colored terminal text."

[[package]]
name = "commonmark"
version = "0.9.1"
summary = "Python parser for the CommonMark Markdown spec"

[[package]]
name = "pygments"
version = "2.11.2"
requires_python = ">=3.5"
summary = "Pygments is a syntax highlighting package written in Python."

[[package]]
name = "rich"
version = "11.0.0"
requires_python = ">=3.6.2,<4.0.0"
summary = "Render rich text, tables, progress bars, syntax highlighting, markdown and more to the terminal"
dependencies = [
    "colorama<0.5.0,>=0.4.0",
    "commonmark<0.10.0,>=0.9.0",
    "pygments<3.0.0,>=2.6.0",
    "typing-extensions<5.0,>=3.7.4; python_version < \"3.8\"",
]

[[package]]
name = "textual"
version = "0.1.14"
requires_python = ">=3.7,<4.0"
summary = "Text User Interface using Rich"
dependencies = [
    "rich<12.0.0,>=11.0.0",
    "typing-extensions<4.0.0,>=3.10.0; python_version < \"3.8\"",
]

[[package]]
name = "typing-extensions"
version = "3.10.0.2"
summary = "Backported and Experimental Type Hints for Python 3.5+"

[metadata]
lock_version = "3.1"
content_hash = "sha256:ec065a1ce32259aa87ba6755575f589c8abe350779c75aeeb579e471bb65815b"

[metadata.files]
"colorama 0.4.4" = [
    {file = "colorama-0.4.4-py2.py3-none-any.whl", hash = "sha256:9f47eda37229f68eee03b24b9748937c7dc3868f906e8ba69fbcbdd3bc5dc3e2"},
    {file = "colorama-0.4.4.tar.gz", hash = "sha256:5941b2b48a20143d2267e95b1c2a7603ce057ee39fd88e7329b0c292aa16869b"},
]
"commonmark 0.9.1" = [
    {file = "commonmark-0.9.1-py2.py3-none-any.whl", hash = "sha256:da2f38c92590f83de410ba1a3cbceafbc74fee9def35f9251ba9a971d6d66fd9"},
    {file = "commonmark-0.9.1.tar.gz", hash = "sha256:452f9dc859be7f06631ddcb328b6919c67984aca654e5fefb3914d54691aed60"},
]
"pygments 2.11.2" = [
    {file = "Pygments-2.11.2-py3-none-any.whl", hash = "sha256:44238f1b60a76d78fc8ca0528ee429702aae011c265fe6a8dd8b63049ae41c65"},
    {file = "Pygments-2.11.2.tar.gz", hash = "sha256:4e426f72023d88d03b2fa258de560726ce890ff3b630f88c21cbb8b2503b8c6a"},
]
"rich 11.0.0" = [
    {file = "rich-11.0.0-py3-none-any.whl", hash = "sha256:d7a8086aa1fa7e817e3bba544eee4fd82047ef59036313147759c11475f0dafd"},
    {file = "rich-11.0.0.tar.gz", hash = "sha256:c32a8340b21c75931f157466fefe81ae10b92c36a5ea34524dff3767238774a4"},
]
"textual 0.1.14" = [
    {file = "textual-0.1.14-py3-none-any.whl", hash = "sha256:69ef5db48e76e0853589bfae88a76038f70d37434129cf8869d5a61779654b4c"},
    {file = "textual-0.1.14.tar.gz", hash = "sha256:1e6eae6f904b6c1210ea6e6d9d1f388ab6b9665117b1c72b9a63660ab71df31f"},
]
"typing-extensions 3.10.0.2" = [
    {file = "typing_extensions-3.10.0.2-py2-none-any.whl", hash = "sha256:d8226d10bc02a29bcc81df19a26e56a9647f8b0a6d4a83924139f4a8b01f17b7"},
    {file = "typing_extensions-3.10.0.2-py3-none-any.whl", hash = "sha256:f1d25edafde516b146ecd0613dabcc61409817af4766fbbcfb8d1ad4ec441a34"},
    {file = "typing_extensions-3.10.0.2.tar.gz", hash = "sha256:49f75d16ff11f1cd258e1b988ccff82a3ca5570217d7ad8c5f48205dd99a677e"},
]
